
Microsoft Visual Studio Solution File, Format Version 12.00
# Visual Studio Version 17
VisualStudioVersion = 17.14.36109.1 d17.14
MinimumVisualStudioVersion = 10.0.40219.1
Project("{FAE04EC0-301F-11D3-BF4B-00C04F79EFBC}") = "App_Discos", "App_Discos\App_Discos.csproj", "{F3C58EB4-D608-4B2E-BFF9-152D20D439CE}"
EndProject
Global
	GlobalSection(SolutionConfigurationPlatforms) = preSolution
		Debug|Any CPU = Debug|Any CPU
		Release|Any CPU = Release|Any CPU
	EndGlobalSection
	GlobalSection(ProjectConfigurationPlatforms) = postSolution
		{F3C58EB4-D608-4B2E-BFF9-152D20D439CE}.Debug|Any CPU.ActiveCfg = Debug|Any CPU
		{F3C58EB4-D608-4B2E-BFF9-152D20D439CE}.Debug|Any CPU.Build.0 = Debug|Any CPU
		{F3C58EB4-D608-4B2E-BFF9-152D20D439CE}.Release|Any CPU.ActiveCfg = Release|Any CPU
		{F3C58EB4-D608-4B2E-BFF9-152D20D439CE}.Release|Any CPU.Build.0 = Release|Any CPU
	EndGlobalSection
	GlobalSection(SolutionProperties) = preSolution
		HideSolutionNode = FALSE
	EndGlobalSection
	GlobalSection(ExtensibilityGlobals) = postSolution
		SolutionGuid = {480608DF-F3F2-455B-BF80-2554F099FD47}
	EndGlobalSection
EndGlobal
